// !$*UTF8*$!
{
	archiveVersion = 1;
	classes = {
	};
	objectVersion = 46;
	objects = {

/* Begin PBXBuildFile section */
		35FE3BEEE146904BFA398C91 /* libPods.a in Frameworks */ = {isa = PBXBuildFile; fileRef = C44C8F8B7FE5CA53B36DBB38 /* libPods.a */; };
		4384F3231AC1D7F000A582E0 /* Reading.m in Sources */ = {isa = PBXBuildFile; fileRef = 4384F3221AC1D7F000A582E0 /* Reading.m */; };
		4384F3291AC21AAB00A582E0 /* ReadingTableViewCell.m in Sources */ = {isa = PBXBuildFile; fileRef = 4384F3281AC21AAB00A582E0 /* ReadingTableViewCell.m */; };
		438D3D491AE842AF00FD1E4B /* CommentsTableViewController.m in Sources */ = {isa = PBXBuildFile; fileRef = 438D3D481AE842AF00FD1E4B /* CommentsTableViewController.m */; };
		43A3C6B61ACF1F9400FC8999 /* uislider-thumb.png in Resources */ = {isa = PBXBuildFile; fileRef = 43A3C6B51ACF1F9400FC8999 /* uislider-thumb.png */; };
		43A3C6B81ACF20C500FC8999 /* uislider-thumb@2x.png in Resources */ = {isa = PBXBuildFile; fileRef = 43A3C6B71ACF20C500FC8999 /* uislider-thumb@2x.png */; };
		43CE1DDF1AB9F13D006CA335 /* main.m in Sources */ = {isa = PBXBuildFile; fileRef = 43CE1DDE1AB9F13D006CA335 /* main.m */; };
		43CE1DE21AB9F13E006CA335 /* AppDelegate.m in Sources */ = {isa = PBXBuildFile; fileRef = 43CE1DE11AB9F13E006CA335 /* AppDelegate.m */; };
		43CE1DE51AB9F13E006CA335 /* MasterViewController.m in Sources */ = {isa = PBXBuildFile; fileRef = 43CE1DE41AB9F13E006CA335 /* MasterViewController.m */; };
		43CE1DE81AB9F13E006CA335 /* DetailViewController.m in Sources */ = {isa = PBXBuildFile; fileRef = 43CE1DE71AB9F13E006CA335 /* DetailViewController.m */; };
		43CE1DEB1AB9F13E006CA335 /* Main.storyboard in Resources */ = {isa = PBXBuildFile; fileRef = 43CE1DE91AB9F13E006CA335 /* Main.storyboard */; };
		43CE1DED1AB9F13E006CA335 /* Images.xcassets in Resources */ = {isa = PBXBuildFile; fileRef = 43CE1DEC1AB9F13E006CA335 /* Images.xcassets */; };
		43CE1DF01AB9F13E006CA335 /* LaunchScreen.xib in Resources */ = {isa = PBXBuildFile; fileRef = 43CE1DEE1AB9F13E006CA335 /* LaunchScreen.xib */; };
		43CE1DFC1AB9F13E006CA335 /* bookreadings_iosTests.m in Sources */ = {isa = PBXBuildFile; fileRef = 43CE1DFB1AB9F13E006CA335 /* bookreadings_iosTests.m */; };
		43F31C2A1ADC667200B2CB1F /* LeftMenuTableViewController.m in Sources */ = {isa = PBXBuildFile; fileRef = 43F31C291ADC667200B2CB1F /* LeftMenuTableViewController.m */; };
		43F31C2E1ADCA5DF00B2CB1F /* Microphone@3x.png in Resources */ = {isa = PBXBuildFile; fileRef = 43F31C2B1ADCA5DF00B2CB1F /* Microphone@3x.png */; };
		43F31C2F1ADCA5DF00B2CB1F /* Microphone@2x.png in Resources */ = {isa = PBXBuildFile; fileRef = 43F31C2C1ADCA5DF00B2CB1F /* Microphone@2x.png */; };
		43F31C301ADCA5DF00B2CB1F /* Microphone.png in Resources */ = {isa = PBXBuildFile; fileRef = 43F31C2D1ADCA5DF00B2CB1F /* Microphone.png */; };
		43F31C341ADCA87400B2CB1F /* MagnifyGlass@3x.png in Resources */ = {isa = PBXBuildFile; fileRef = 43F31C311ADCA87400B2CB1F /* MagnifyGlass@3x.png */; };
		43F31C351ADCA87400B2CB1F /* MagnifyGlass@2x.png in Resources */ = {isa = PBXBuildFile; fileRef = 43F31C321ADCA87400B2CB1F /* MagnifyGlass@2x.png */; };
		43F31C361ADCA87400B2CB1F /* MagnifyGlass.png in Resources */ = {isa = PBXBuildFile; fileRef = 43F31C331ADCA87400B2CB1F /* MagnifyGlass.png */; };
		43F31C3B1ADCC1ED00B2CB1F /* Stop@2x.png in Resources */ = {isa = PBXBuildFile; fileRef = 43F31C381ADCC1ED00B2CB1F /* Stop@2x.png */; };
		43F31C3C1ADCC1ED00B2CB1F /* Stop.png in Resources */ = {isa = PBXBuildFile; fileRef = 43F31C391ADCC1ED00B2CB1F /* Stop.png */; };
		43F31C431ADED93E00B2CB1F /* SpeachBubble@2x.png in Resources */ = {isa = PBXBuildFile; fileRef = 43F31C401ADED93E00B2CB1F /* SpeachBubble@2x.png */; };
		43F31C441ADED93E00B2CB1F /* SpeachBubble.png in Resources */ = {isa = PBXBuildFile; fileRef = 43F31C411ADED93E00B2CB1F /* SpeachBubble.png */; };
		43F31C491ADEE7DC00B2CB1F /* SpeachBubble@3x.png in Resources */ = {isa = PBXBuildFile; fileRef = 43F31C481ADEE7DC00B2CB1F /* SpeachBubble@3x.png */; };
		43F761181ACDEE240027D2B6 /* playbutton.png in Resources */ = {isa = PBXBuildFile; fileRef = 43F761171ACDEE240027D2B6 /* playbutton.png */; };
		43F7611C1ACDEF4F0027D2B6 /* playbutton@2x.png in Resources */ = {isa = PBXBuildFile; fileRef = 43F7611B1ACDEF4F0027D2B6 /* playbutton@2x.png */; };
/* End PBXBuildFile section */

/* Begin PBXContainerItemProxy section */
		43CE1DF61AB9F13E006CA335 /* PBXContainerItemProxy */ = {
			isa = PBXContainerItemProxy;
			containerPortal = 43CE1DD11AB9F13D006CA335 /* Project object */;
			proxyType = 1;
			remoteGlobalIDString = 43CE1DD81AB9F13D006CA335;
			remoteInfo = bookreadings_ios;
		};
/* End PBXContainerItemProxy section */

/* Begin PBXFileReference section */
		4384F3211AC1D7F000A582E0 /* Reading.h */ = {isa = PBXFileReference; fileEncoding = 4; lastKnownFileType = sourcecode.c.h; path = Reading.h; sourceTree = "<group>"; };
		4384F3221AC1D7F000A582E0 /* Reading.m */ = {isa = PBXFileReference; fileEncoding = 4; lastKnownFileType = sourcecode.c.objc; path = Reading.m; sourceTree = "<group>"; };
		4384F3271AC21AAB00A582E0 /* ReadingTableViewCell.h */ = {isa = PBXFileReference; fileEncoding = 4; lastKnownFileType = sourcecode.c.h; path = ReadingTableViewCell.h; sourceTree = "<group>"; };
		4384F3281AC21AAB00A582E0 /* ReadingTableViewCell.m */ = {isa = PBXFileReference; fileEncoding = 4; lastKnownFileType = sourcecode.c.objc; path = ReadingTableViewCell.m; sourceTree = "<group>"; };
		438D3D471AE842AF00FD1E4B /* CommentsTableViewController.h */ = {isa = PBXFileReference; fileEncoding = 4; lastKnownFileType = sourcecode.c.h; path = CommentsTableViewController.h; sourceTree = "<group>"; };
		438D3D481AE842AF00FD1E4B /* CommentsTableViewController.m */ = {isa = PBXFileReference; fileEncoding = 4; lastKnownFileType = sourcecode.c.objc; path = CommentsTableViewController.m; sourceTree = "<group>"; };
		43A3C6B51ACF1F9400FC8999 /* uislider-thumb.png */ = {isa = PBXFileReference; lastKnownFileType = image.png; path = "uislider-thumb.png"; sourceTree = "<group>"; };
		43A3C6B71ACF20C500FC8999 /* uislider-thumb@2x.png */ = {isa = PBXFileReference; lastKnownFileType = image.png; path = "uislider-thumb@2x.png"; sourceTree = "<group>"; };
		43CE1DD91AB9F13D006CA335 /* bookreadings_ios.app */ = {isa = PBXFileReference; explicitFileType = wrapper.application; includeInIndex = 0; path = bookreadings_ios.app; sourceTree = BUILT_PRODUCTS_DIR; };
		43CE1DDD1AB9F13D006CA335 /* Info.plist */ = {isa = PBXFileReference; lastKnownFileType = text.plist.xml; path = Info.plist; sourceTree = "<group>"; };
		43CE1DDE1AB9F13D006CA335 /* main.m */ = {isa = PBXFileReference; lastKnownFileType = sourcecode.c.objc; path = main.m; sourceTree = "<group>"; };
		43CE1DE01AB9F13D006CA335 /* AppDelegate.h */ = {isa = PBXFileReference; lastKnownFileType = sourcecode.c.h; path = AppDelegate.h; sourceTree = "<group>"; };
		43CE1DE11AB9F13E006CA335 /* AppDelegate.m */ = {isa = PBXFileReference; lastKnownFileType = sourcecode.c.objc; path = AppDelegate.m; sourceTree = "<group>"; };
		43CE1DE31AB9F13E006CA335 /* MasterViewController.h */ = {isa = PBXFileReference; lastKnownFileType = sourcecode.c.h; path = MasterViewController.h; sourceTree = "<group>"; };
		43CE1DE41AB9F13E006CA335 /* MasterViewController.m */ = {isa = PBXFileReference; lastKnownFileType = sourcecode.c.objc; path = MasterViewController.m; sourceTree = "<group>"; };
		43CE1DE61AB9F13E006CA335 /* DetailViewController.h */ = {isa = PBXFileReference; lastKnownFileType = sourcecode.c.h; path = DetailViewController.h; sourceTree = "<group>"; };
		43CE1DE71AB9F13E006CA335 /* DetailViewController.m */ = {isa = PBXFileReference; lastKnownFileType = sourcecode.c.objc; path = DetailViewController.m; sourceTree = "<group>"; };
		43CE1DEA1AB9F13E006CA335 /* Base */ = {isa = PBXFileReference; lastKnownFileType = file.storyboard; name = Base; path = Base.lproj/Main.storyboard; sourceTree = "<group>"; };
		43CE1DEC1AB9F13E006CA335 /* Images.xcassets */ = {isa = PBXFileReference; lastKnownFileType = folder.assetcatalog; path = Images.xcassets; sourceTree = "<group>"; };
		43CE1DEF1AB9F13E006CA335 /* Base */ = {isa = PBXFileReference; lastKnownFileType = file.xib; name = Base; path = Base.lproj/LaunchScreen.xib; sourceTree = "<group>"; };
		43CE1DF51AB9F13E006CA335 /* bookreadings_iosTests.xctest */ = {isa = PBXFileReference; explicitFileType = wrapper.cfbundle; includeInIndex = 0; path = bookreadings_iosTests.xctest; sourceTree = BUILT_PRODUCTS_DIR; };
		43CE1DFA1AB9F13E006CA335 /* Info.plist */ = {isa = PBXFileReference; lastKnownFileType = text.plist.xml; path = Info.plist; sourceTree = "<group>"; };
		43CE1DFB1AB9F13E006CA335 /* bookreadings_iosTests.m */ = {isa = PBXFileReference; lastKnownFileType = sourcecode.c.objc; path = bookreadings_iosTests.m; sourceTree = "<group>"; };
		43F31C281ADC667200B2CB1F /* LeftMenuTableViewController.h */ = {isa = PBXFileReference; fileEncoding = 4; lastKnownFileType = sourcecode.c.h; path = LeftMenuTableViewController.h; sourceTree = "<group>"; };
		43F31C291ADC667200B2CB1F /* LeftMenuTableViewController.m */ = {isa = PBXFileReference; fileEncoding = 4; lastKnownFileType = sourcecode.c.objc; path = LeftMenuTableViewController.m; sourceTree = "<group>"; };
		43F31C2B1ADCA5DF00B2CB1F /* Microphone@3x.png */ = {isa = PBXFileReference; lastKnownFileType = image.png; path = "Microphone@3x.png"; sourceTree = "<group>"; };
		43F31C2C1ADCA5DF00B2CB1F /* Microphone@2x.png */ = {isa = PBXFileReference; lastKnownFileType = image.png; path = "Microphone@2x.png"; sourceTree = "<group>"; };
		43F31C2D1ADCA5DF00B2CB1F /* Microphone.png */ = {isa = PBXFileReference; lastKnownFileType = image.png; path = Microphone.png; sourceTree = "<group>"; };
		43F31C311ADCA87400B2CB1F /* MagnifyGlass@3x.png */ = {isa = PBXFileReference; lastKnownFileType = image.png; path = "MagnifyGlass@3x.png"; sourceTree = "<group>"; };
		43F31C321ADCA87400B2CB1F /* MagnifyGlass@2x.png */ = {isa = PBXFileReference; lastKnownFileType = image.png; path = "MagnifyGlass@2x.png"; sourceTree = "<group>"; };
		43F31C331ADCA87400B2CB1F /* MagnifyGlass.png */ = {isa = PBXFileReference; lastKnownFileType = image.png; path = MagnifyGlass.png; sourceTree = "<group>"; };
		43F31C381ADCC1ED00B2CB1F /* Stop@2x.png */ = {isa = PBXFileReference; lastKnownFileType = image.png; path = "Stop@2x.png"; sourceTree = "<group>"; };
		43F31C391ADCC1ED00B2CB1F /* Stop.png */ = {isa = PBXFileReference; lastKnownFileType = image.png; path = Stop.png; sourceTree = "<group>"; };
		43F31C401ADED93E00B2CB1F /* SpeachBubble@2x.png */ = {isa = PBXFileReference; lastKnownFileType = image.png; path = "SpeachBubble@2x.png"; sourceTree = "<group>"; };
		43F31C411ADED93E00B2CB1F /* SpeachBubble.png */ = {isa = PBXFileReference; lastKnownFileType = image.png; path = SpeachBubble.png; sourceTree = "<group>"; };
		43F31C481ADEE7DC00B2CB1F /* SpeachBubble@3x.png */ = {isa = PBXFileReference; lastKnownFileType = image.png; path = "SpeachBubble@3x.png"; sourceTree = "<group>"; };
		43F761171ACDEE240027D2B6 /* playbutton.png */ = {isa = PBXFileReference; lastKnownFileType = image.png; path = playbutton.png; sourceTree = "<group>"; };
		43F7611B1ACDEF4F0027D2B6 /* playbutton@2x.png */ = {isa = PBXFileReference; lastKnownFileType = image.png; path = "playbutton@2x.png"; sourceTree = "<group>"; };
		8070122EE391FF0FC5658A81 /* Pods.debug.xcconfig */ = {isa = PBXFileReference; includeInIndex = 1; lastKnownFileType = text.xcconfig; name = Pods.debug.xcconfig; path = "Pods/Target Support Files/Pods/Pods.debug.xcconfig"; sourceTree = "<group>"; };
		C44C8F8B7FE5CA53B36DBB38 /* libPods.a */ = {isa = PBXFileReference; explicitFileType = archive.ar; includeInIndex = 0; path = libPods.a; sourceTree = BUILT_PRODUCTS_DIR; };
		E80A3E6BCD33604DFFF6D449 /* Pods.release.xcconfig */ = {isa = PBXFileReference; includeInIndex = 1; lastKnownFileType = text.xcconfig; name = Pods.release.xcconfig; path = "Pods/Target Support Files/Pods/Pods.release.xcconfig"; sourceTree = "<group>"; };
/* End PBXFileReference section */

/* Begin PBXFrameworksBuildPhase section */
		43CE1DD61AB9F13D006CA335 /* Frameworks */ = {
			isa = PBXFrameworksBuildPhase;
			buildActionMask = 2147483647;
			files = (
				35FE3BEEE146904BFA398C91 /* libPods.a in Frameworks */,
			);
			runOnlyForDeploymentPostprocessing = 0;
		};
		43CE1DF21AB9F13E006CA335 /* Frameworks */ = {
			isa = PBXFrameworksBuildPhase;
			buildActionMask = 2147483647;
			files = (
			);
			runOnlyForDeploymentPostprocessing = 0;
		};
/* End PBXFrameworksBuildPhase section */

/* Begin PBXGroup section */
		3E48ADCAB8A915F4FCB83C1D /* Frameworks */ = {
			isa = PBXGroup;
			children = (
				C44C8F8B7FE5CA53B36DBB38 /* libPods.a */,
			);
			name = Frameworks;
			sourceTree = "<group>";
		};
		3EAB9C6C018EB58E051672BA /* Pods */ = {
			isa = PBXGroup;
			children = (
				8070122EE391FF0FC5658A81 /* Pods.debug.xcconfig */,
				E80A3E6BCD33604DFFF6D449 /* Pods.release.xcconfig */,
			);
			name = Pods;
			sourceTree = "<group>";
		};
		4384F3261AC211BD00A582E0 /* Reading */ = {
			isa = PBXGroup;
			children = (
				4384F3211AC1D7F000A582E0 /* Reading.h */,
				4384F3221AC1D7F000A582E0 /* Reading.m */,
				4384F3271AC21AAB00A582E0 /* ReadingTableViewCell.h */,
				4384F3281AC21AAB00A582E0 /* ReadingTableViewCell.m */,
			);
			name = Reading;
			sourceTree = "<group>";
		};
		43CE1DD01AB9F13D006CA335 = {
			isa = PBXGroup;
			children = (
				43CE1DDB1AB9F13D006CA335 /* bookreadings_ios */,
				43CE1DF81AB9F13E006CA335 /* bookreadings_iosTests */,
				43CE1DDA1AB9F13D006CA335 /* Products */,
				3EAB9C6C018EB58E051672BA /* Pods */,
				3E48ADCAB8A915F4FCB83C1D /* Frameworks */,
			);
			sourceTree = "<group>";
		};
		43CE1DDA1AB9F13D006CA335 /* Products */ = {
			isa = PBXGroup;
			children = (
				43CE1DD91AB9F13D006CA335 /* bookreadings_ios.app */,
				43CE1DF51AB9F13E006CA335 /* bookreadings_iosTests.xctest */,
			);
			name = Products;
			sourceTree = "<group>";
		};
		43CE1DDB1AB9F13D006CA335 /* bookreadings_ios */ = {
			isa = PBXGroup;
			children = (
				43CE1DE01AB9F13D006CA335 /* AppDelegate.h */,
				43CE1DE11AB9F13E006CA335 /* AppDelegate.m */,
				43CE1DE31AB9F13E006CA335 /* MasterViewController.h */,
				43CE1DE41AB9F13E006CA335 /* MasterViewController.m */,
				4384F3261AC211BD00A582E0 /* Reading */,
				43CE1DE61AB9F13E006CA335 /* DetailViewController.h */,
				43CE1DE71AB9F13E006CA335 /* DetailViewController.m */,
				43CE1DE91AB9F13E006CA335 /* Main.storyboard */,
				43CE1DEC1AB9F13E006CA335 /* Images.xcassets */,
				43CE1DEE1AB9F13E006CA335 /* LaunchScreen.xib */,
				43CE1DDC1AB9F13D006CA335 /* Supporting Files */,
				43F31C281ADC667200B2CB1F /* LeftMenuTableViewController.h */,
				43F31C291ADC667200B2CB1F /* LeftMenuTableViewController.m */,
				438D3D471AE842AF00FD1E4B /* CommentsTableViewController.h */,
				438D3D481AE842AF00FD1E4B /* CommentsTableViewController.m */,
			);
			path = bookreadings_ios;
			sourceTree = "<group>";
		};
		43CE1DDC1AB9F13D006CA335 /* Supporting Files */ = {
			isa = PBXGroup;
			children = (
				43F31C481ADEE7DC00B2CB1F /* SpeachBubble@3x.png */,
				43F31C401ADED93E00B2CB1F /* SpeachBubble@2x.png */,
				43F31C411ADED93E00B2CB1F /* SpeachBubble.png */,
				43F31C381ADCC1ED00B2CB1F /* Stop@2x.png */,
				43F31C391ADCC1ED00B2CB1F /* Stop.png */,
				43F31C311ADCA87400B2CB1F /* MagnifyGlass@3x.png */,
				43F31C321ADCA87400B2CB1F /* MagnifyGlass@2x.png */,
				43F31C331ADCA87400B2CB1F /* MagnifyGlass.png */,
				43F31C2B1ADCA5DF00B2CB1F /* Microphone@3x.png */,
				43F31C2C1ADCA5DF00B2CB1F /* Microphone@2x.png */,
				43F31C2D1ADCA5DF00B2CB1F /* Microphone.png */,
				43A3C6B71ACF20C500FC8999 /* uislider-thumb@2x.png */,
				43A3C6B51ACF1F9400FC8999 /* uislider-thumb.png */,
				43F761171ACDEE240027D2B6 /* playbutton.png */,
				43F7611B1ACDEF4F0027D2B6 /* playbutton@2x.png */,
				43CE1DDD1AB9F13D006CA335 /* Info.plist */,
				43CE1DDE1AB9F13D006CA335 /* main.m */,
			);
			name = "Supporting Files";
			sourceTree = "<group>";
		};
		43CE1DF81AB9F13E006CA335 /* bookreadings_iosTests */ = {
			isa = PBXGroup;
			children = (
				43CE1DFB1AB9F13E006CA335 /* bookreadings_iosTests.m */,
				43CE1DF91AB9F13E006CA335 /* Supporting Files */,
			);
			path = bookreadings_iosTests;
			sourceTree = "<group>";
		};
		43CE1DF91AB9F13E006CA335 /* Supporting Files */ = {
			isa = PBXGroup;
			children = (
				43CE1DFA1AB9F13E006CA335 /* Info.plist */,
			);
			name = "Supporting Files";
			sourceTree = "<group>";
		};
/* End PBXGroup section */

/* Begin PBXNativeTarget section */
		43CE1DD81AB9F13D006CA335 /* bookreadings_ios */ = {
			isa = PBXNativeTarget;
			buildConfigurationList = 43CE1DFF1AB9F13E006CA335 /* Build configuration list for PBXNativeTarget "bookreadings_ios" */;
			buildPhases = (
				B43AF44AE57049B2FAB41734 /* Check Pods Manifest.lock */,
				43CE1DD51AB9F13D006CA335 /* Sources */,
				43CE1DD61AB9F13D006CA335 /* Frameworks */,
				43CE1DD71AB9F13D006CA335 /* Resources */,
				B28AF54AAEEE92C0477C6DC4 /* Copy Pods Resources */,
			);
			buildRules = (
			);
			dependencies = (
			);
			name = bookreadings_ios;
			productName = bookreadings_ios;
			productReference = 43CE1DD91AB9F13D006CA335 /* bookreadings_ios.app */;
			productType = "com.apple.product-type.application";
		};
		43CE1DF41AB9F13E006CA335 /* bookreadings_iosTests */ = {
			isa = PBXNativeTarget;
			buildConfigurationList = 43CE1E021AB9F13E006CA335 /* Build configuration list for PBXNativeTarget "bookreadings_iosTests" */;
			buildPhases = (
				43CE1DF11AB9F13E006CA335 /* Sources */,
				43CE1DF21AB9F13E006CA335 /* Frameworks */,
				43CE1DF31AB9F13E006CA335 /* Resources */,
			);
			buildRules = (
			);
			dependencies = (
				43CE1DF71AB9F13E006CA335 /* PBXTargetDependency */,
			);
			name = bookreadings_iosTests;
			productName = bookreadings_iosTests;
			productReference = 43CE1DF51AB9F13E006CA335 /* bookreadings_iosTests.xctest */;
			productType = "com.apple.product-type.bundle.unit-test";
		};
/* End PBXNativeTarget section */

/* Begin PBXProject section */
		43CE1DD11AB9F13D006CA335 /* Project object */ = {
			isa = PBXProject;
			attributes = {
				LastUpgradeCheck = 0620;
				ORGANIZATIONNAME = "Reath, Chris X. -ND";
				TargetAttributes = {
					43CE1DD81AB9F13D006CA335 = {
						CreatedOnToolsVersion = 6.2;
					};
					43CE1DF41AB9F13E006CA335 = {
						CreatedOnToolsVersion = 6.2;
						TestTargetID = 43CE1DD81AB9F13D006CA335;
					};
				};
			};
			buildConfigurationList = 43CE1DD41AB9F13D006CA335 /* Build configuration list for PBXProject "bookreadings_ios" */;
			compatibilityVersion = "Xcode 3.2";
			developmentRegion = English;
			hasScannedForEncodings = 0;
			knownRegions = (
				en,
				Base,
			);
			mainGroup = 43CE1DD01AB9F13D006CA335;
			productRefGroup = 43CE1DDA1AB9F13D006CA335 /* Products */;
			projectDirPath = "";
			projectRoot = "";
			targets = (
				43CE1DD81AB9F13D006CA335 /* bookreadings_ios */,
				43CE1DF41AB9F13E006CA335 /* bookreadings_iosTests */,
			);
		};
/* End PBXProject section */

/* Begin PBXResourcesBuildPhase section */
		43CE1DD71AB9F13D006CA335 /* Resources */ = {
			isa = PBXResourcesBuildPhase;
			buildActionMask = 2147483647;
			files = (
				43F31C301ADCA5DF00B2CB1F /* Microphone.png in Resources */,
				43A3C6B81ACF20C500FC8999 /* uislider-thumb@2x.png in Resources */,
				43F31C431ADED93E00B2CB1F /* SpeachBubble@2x.png in Resources */,
				43A3C6B61ACF1F9400FC8999 /* uislider-thumb.png in Resources */,
				43F31C351ADCA87400B2CB1F /* MagnifyGlass@2x.png in Resources */,
				43CE1DEB1AB9F13E006CA335 /* Main.storyboard in Resources */,
				43CE1DF01AB9F13E006CA335 /* LaunchScreen.xib in Resources */,
				43F31C2F1ADCA5DF00B2CB1F /* Microphone@2x.png in Resources */,
				43F31C2E1ADCA5DF00B2CB1F /* Microphone@3x.png in Resources */,
				43F7611C1ACDEF4F0027D2B6 /* playbutton@2x.png in Resources */,
				43CE1DED1AB9F13E006CA335 /* Images.xcassets in Resources */,
				43F31C361ADCA87400B2CB1F /* MagnifyGlass.png in Resources */,
				43F31C3C1ADCC1ED00B2CB1F /* Stop.png in Resources */,
				43F31C491ADEE7DC00B2CB1F /* SpeachBubble@3x.png in Resources */,
				43F31C341ADCA87400B2CB1F /* MagnifyGlass@3x.png in Resources */,
				43F31C3B1ADCC1ED00B2CB1F /* Stop@2x.png in Resources */,
				43F761181ACDEE240027D2B6 /* playbutton.png in Resources */,
				43F31C441ADED93E00B2CB1F /* SpeachBubble.png in Resources */,
			);
			runOnlyForDeploymentPostprocessing = 0;
		};
		43CE1DF31AB9F13E006CA335 /* Resources */ = {
			isa = PBXResourcesBuildPhase;
			buildActionMask = 2147483647;
			files = (
			);
			runOnlyForDeploymentPostprocessing = 0;
		};
/* End PBXResourcesBuildPhase section */

/* Begin PBXShellScriptBuildPhase section */
		B28AF54AAEEE92C0477C6DC4 /* Copy Pods Resources */ = {
			isa = PBXShellScriptBuildPhase;
			buildActionMask = 2147483647;
			files = (
			);
			inputPaths = (
			);
			name = "Copy Pods Resources";
			outputPaths = (
			);
			runOnlyForDeploymentPostprocessing = 0;
			shellPath = /bin/sh;
			shellScript = "\"${SRCROOT}/Pods/Target Support Files/Pods/Pods-resources.sh\"\n";
			showEnvVarsInLog = 0;
		};
		B43AF44AE57049B2FAB41734 /* Check Pods Manifest.lock */ = {
			isa = PBXShellScriptBuildPhase;
			buildActionMask = 2147483647;
			files = (
			);
			inputPaths = (
			);
			name = "Check Pods Manifest.lock";
			outputPaths = (
			);
			runOnlyForDeploymentPostprocessing = 0;
			shellPath = /bin/sh;
			shellScript = "diff \"${PODS_ROOT}/../Podfile.lock\" \"${PODS_ROOT}/Manifest.lock\" > /dev/null\nif [[ $? != 0 ]] ; then\n    cat << EOM\nerror: The sandbox is not in sync with the Podfile.lock. Run 'pod install' or update your CocoaPods installation.\nEOM\n    exit 1\nfi\n";
			showEnvVarsInLog = 0;
		};
/* End PBXShellScriptBuildPhase section */

/* Begin PBXSourcesBuildPhase section */
		43CE1DD51AB9F13D006CA335 /* Sources */ = {
			isa = PBXSourcesBuildPhase;
			buildActionMask = 2147483647;
			files = (
				4384F3291AC21AAB00A582E0 /* ReadingTableViewCell.m in Sources */,
				43CE1DE21AB9F13E006CA335 /* AppDelegate.m in Sources */,
				43CE1DE51AB9F13E006CA335 /* MasterViewController.m in Sources */,
				4384F3231AC1D7F000A582E0 /* Reading.m in Sources */,
				43CE1DDF1AB9F13D006CA335 /* main.m in Sources */,
				438D3D491AE842AF00FD1E4B /* CommentsTableViewController.m in Sources */,
				43F31C2A1ADC667200B2CB1F /* LeftMenuTableViewController.m in Sources */,
				43CE1DE81AB9F13E006CA335 /* DetailViewController.m in Sources */,
			);
			runOnlyForDeploymentPostprocessing = 0;
		};
		43CE1DF11AB9F13E006CA335 /* Sources */ = {
			isa = PBXSourcesBuildPhase;
			buildActionMask = 2147483647;
			files = (
				43CE1DFC1AB9F13E006CA335 /* bookreadings_iosTests.m in Sources */,
			);
			runOnlyForDeploymentPostprocessing = 0;
		};
/* End PBXSourcesBuildPhase section */

/* Begin PBXTargetDependency section */
		43CE1DF71AB9F13E006CA335 /* PBXTargetDependency */ = {
			isa = PBXTargetDependency;
			target = 43CE1DD81AB9F13D006CA335 /* bookreadings_ios */;
			targetProxy = 43CE1DF61AB9F13E006CA335 /* PBXContainerItemProxy */;
		};
/* End PBXTargetDependency section */

/* Begin PBXVariantGroup section */
		43CE1DE91AB9F13E006CA335 /* Main.storyboard */ = {
			isa = PBXVariantGroup;
			children = (
				43CE1DEA1AB9F13E006CA335 /* Base */,
			);
			name = Main.storyboard;
			sourceTree = "<group>";
		};
		43CE1DEE1AB9F13E006CA335 /* LaunchScreen.xib */ = {
			isa = PBXVariantGroup;
			children = (
				43CE1DEF1AB9F13E006CA335 /* Base */,
			);
			name = LaunchScreen.xib;
			sourceTree = "<group>";
		};
/* End PBXVariantGroup section */

/* Begin XCBuildConfiguration section */
		43CE1DFD1AB9F13E006CA335 /* Debug */ = {
			isa = XCBuildConfiguration;
			buildSettings = {
				ALWAYS_SEARCH_USER_PATHS = NO;
				CLANG_CXX_LANGUAGE_STANDARD = "gnu++0x";
				CLANG_CXX_LIBRARY = "libc++";
				CLANG_ENABLE_MODULES = YES;
				CLANG_ENABLE_OBJC_ARC = YES;
				CLANG_WARN_BOOL_CONVERSION = YES;
				CLANG_WARN_CONSTANT_CONVERSION = YES;
				CLANG_WARN_DIRECT_OBJC_ISA_USAGE = YES_ERROR;
				CLANG_WARN_EMPTY_BODY = YES;
				CLANG_WARN_ENUM_CONVERSION = YES;
				CLANG_WARN_INT_CONVERSION = YES;
				CLANG_WARN_OBJC_ROOT_CLASS = YES_ERROR;
				CLANG_WARN_UNREACHABLE_CODE = YES;
				CLANG_WARN__DUPLICATE_METHOD_MATCH = YES;
				"CODE_SIGN_IDENTITY[sdk=iphoneos*]" = "iPhone Developer";
				COPY_PHASE_STRIP = NO;
				ENABLE_STRICT_OBJC_MSGSEND = YES;
				GCC_C_LANGUAGE_STANDARD = gnu99;
				GCC_DYNAMIC_NO_PIC = NO;
				GCC_OPTIMIZATION_LEVEL = 0;
				GCC_PREPROCESSOR_DEFINITIONS = (
					"DEBUG=1",
					"$(inherited)",
				);
				GCC_SYMBOLS_PRIVATE_EXTERN = NO;
				GCC_WARN_64_TO_32_BIT_CONVERSION = YES;
				GCC_WARN_ABOUT_RETURN_TYPE = YES_ERROR;
				GCC_WARN_UNDECLARED_SELECTOR = YES;
				GCC_WARN_UNINITIALIZED_AUTOS = YES_AGGRESSIVE;
				GCC_WARN_UNUSED_FUNCTION = YES;
				GCC_WARN_UNUSED_VARIABLE = YES;
				IPHONEOS_DEPLOYMENT_TARGET = 8.2;
				MTL_ENABLE_DEBUG_INFO = YES;
				ONLY_ACTIVE_ARCH = YES;
				SDKROOT = iphoneos;
				TARGETED_DEVICE_FAMILY = "1,2";
			};
			name = Debug;
		};
		43CE1DFE1AB9F13E006CA335 /* Release */ = {
			isa = XCBuildConfiguration;
			buildSettings = {
				ALWAYS_SEARCH_USER_PATHS = NO;
				CLANG_CXX_LANGUAGE_STANDARD = "gnu++0x";
				CLANG_CXX_LIBRARY = "libc++";
				CLANG_ENABLE_MODULES = YES;
				CLANG_ENABLE_OBJC_ARC = YES;
				CLANG_WARN_BOOL_CONVERSION = YES;
				CLANG_WARN_CONSTANT_CONVERSION = YES;
				CLANG_WARN_DIRECT_OBJC_ISA_USAGE = YES_ERROR;
				CLANG_WARN_EMPTY_BODY = YES;
				CLANG_WARN_ENUM_CONVERSION = YES;
				CLANG_WARN_INT_CONVERSION = YES;
				CLANG_WARN_OBJC_ROOT_CLASS = YES_ERROR;
				CLANG_WARN_UNREACHABLE_CODE = YES;
				CLANG_WARN__DUPLICATE_METHOD_MATCH = YES;
				"CODE_SIGN_IDENTITY[sdk=iphoneos*]" = "iPhone Developer";
				COPY_PHASE_STRIP = NO;
				ENABLE_NS_ASSERTIONS = NO;
				ENABLE_STRICT_OBJC_MSGSEND = YES;
				GCC_C_LANGUAGE_STANDARD = gnu99;
				GCC_WARN_64_TO_32_BIT_CONVERSION = YES;
				GCC_WARN_ABOUT_RETURN_TYPE = YES_ERROR;
				GCC_WARN_UNDECLARED_SELECTOR = YES;
				GCC_WARN_UNINITIALIZED_AUTOS = YES_AGGRESSIVE;
				GCC_WARN_UNUSED_FUNCTION = YES;
				GCC_WARN_UNUSED_VARIABLE = YES;
				IPHONEOS_DEPLOYMENT_TARGET = 8.2;
				MTL_ENABLE_DEBUG_INFO = NO;
				SDKROOT = iphoneos;
				TARGETED_DEVICE_FAMILY = "1,2";
				VALIDATE_PRODUCT = YES;
			};
			name = Release;
		};
		43CE1E001AB9F13E006CA335 /* Debug */ = {
			isa = XCBuildConfiguration;
			baseConfigurationReference = 8070122EE391FF0FC5658A81 /* Pods.debug.xcconfig */;
			buildSettings = {
				ASSETCATALOG_COMPILER_APPICON_NAME = AppIcon;
				INFOPLIST_FILE = bookreadings_ios/Info.plist;
				LD_RUNPATH_SEARCH_PATHS = "$(inherited) @executable_path/Frameworks";
				PRODUCT_NAME = "$(TARGET_NAME)";
				TARGETED_DEVICE_FAMILY = 1;
			};
			name = Debug;
		};
		43CE1E011AB9F13E006CA335 /* Release */ = {
			isa = XCBuildConfiguration;
			baseConfigurationReference = E80A3E6BCD33604DFFF6D449 /* Pods.release.xcconfig */;
			buildSettings = {
				ASSETCATALOG_COMPILER_APPICON_NAME = AppIcon;
				INFOPLIST_FILE = bookreadings_ios/Info.plist;
				LD_RUNPATH_SEARCH_PATHS = "$(inherited) @executable_path/Frameworks";
				PRODUCT_NAME = "$(TARGET_NAME)";
				TARGETED_DEVICE_FAMILY = 1;
			};
			name = Release;
		};
		43CE1E031AB9F13E006CA335 /* Debug */ = {
			isa = XCBuildConfiguration;
			buildSettings = {
				BUNDLE_LOADER = "$(TEST_HOST)";
				FRAMEWORK_SEARCH_PATHS = (
					"$(SDKROOT)/Developer/Library/Frameworks",
					"$(inherited)",
				);
				GCC_PREPROCESSOR_DEFINITIONS = (
					"DEBUG=1",
					"$(inherited)",
				);
				INFOPLIST_FILE = bookreadings_iosTests/Info.plist;
				LD_RUNPATH_SEARCH_PATHS = "$(inherited) @executable_path/Frameworks @loader_path/Frameworks";
				PRODUCT_NAME = "$(TARGET_NAME)";
				TEST_HOST = "$(BUILT_PRODUCTS_DIR)/bookreadings_ios.app/bookreadings_ios";
			};
			name = Debug;
		};
		43CE1E041AB9F13E006CA335 /* Release */ = {
			isa = XCBuildConfiguration;
			buildSettings = {
				BUNDLE_LOADER = "$(TEST_HOST)";
				FRAMEWORK_SEARCH_PATHS = (
					"$(SDKROOT)/Developer/Library/Frameworks",
					"$(inherited)",
				);
				INFOPLIST_FILE = bookreadings_iosTests/Info.plist;
				LD_RUNPATH_SEARCH_PATHS = "$(inherited) @executable_path/Frameworks @loader_path/Frameworks";
				PRODUCT_NAME = "$(TARGET_NAME)";
				TEST_HOST = "$(BUILT_PRODUCTS_DIR)/bookreadings_ios.app/bookreadings_ios";
			};
			name = Release;
		};
/* End XCBuildConfiguration section */

/* Begin XCConfigurationList section */
		43CE1DD41AB9F13D006CA335 /* Build configuration list for PBXProject "bookreadings_ios" */ = {
			isa = XCConfigurationList;
			buildConfigurations = (
				43CE1DFD1AB9F13E006CA335 /* Debug */,
				43CE1DFE1AB9F13E006CA335 /* Release */,
			);
			defaultConfigurationIsVisible = 0;
			defaultConfigurationName = Release;
		};
		43CE1DFF1AB9F13E006CA335 /* Build configuration list for PBXNativeTarget "bookreadings_ios" */ = {
			isa = XCConfigurationList;
			buildConfigurations = (
				43CE1E001AB9F13E006CA335 /* Debug */,
				43CE1E011AB9F13E006CA335 /* Release */,
			);
			defaultConfigurationIsVisible = 0;
			defaultConfigurationName = Release;
		};
		43CE1E021AB9F13E006CA335 /* Build configuration list for PBXNativeTarget "bookreadings_iosTests" */ = {
			isa = XCConfigurationList;
			buildConfigurations = (
				43CE1E031AB9F13E006CA335 /* Debug */,
				43CE1E041AB9F13E006CA335 /* Release */,
			);
			defaultConfigurationIsVisible = 0;
			defaultConfigurationName = Release;
		};
/* End XCConfigurationList section */
	};
	rootObject = 43CE1DD11AB9F13D006CA335 /* Project object */;
}
